
Microsoft Visual Studio Solution File, Format Version 12.00
# Visual Studio 15
VisualStudioVersion = 15.0.28307.852
MinimumVisualStudioVersion = 10.0.40219.1
Project("{FAE04EC0-301F-11D3-BF4B-00C04F79EFBC}") = "AudioPlayer", "AudioPlayer\AudioPlayer.csproj", "{CEE35A7C-BF48-4848-B856-90E4EA730968}"
EndProject
Project("{FAE04EC0-301F-11D3-BF4B-00C04F79EFBC}") = "TestingApp", "TestingApp\TestingApp.csproj", "{167C1441-31C3-4BD5-952E-97218433B60E}"
EndProject
Global
	GlobalSection(SolutionConfigurationPlatforms) = preSolution
		Debug|Any CPU = Debug|Any CPU
		Release|Any CPU = Release|Any CPU
	EndGlobalSection
	GlobalSection(ProjectConfigurationPlatforms) = postSolution
		{CEE35A7C-BF48-4848-B856-90E4EA730968}.Debug|Any CPU.ActiveCfg = Debug|Any CPU
		{CEE35A7C-BF48-4848-B856-90E4EA730968}.Debug|Any CPU.Build.0 = Debug|Any CPU
		{CEE35A7C-BF48-4848-B856-90E4EA730968}.Release|Any CPU.ActiveCfg = Release|Any CPU
		{CEE35A7C-BF48-4848-B856-90E4EA730968}.Release|Any CPU.Build.0 = Release|Any CPU
		{167C1441-31C3-4BD5-952E-97218433B60E}.Debug|Any CPU.ActiveCfg = Debug|Any CPU
		{167C1441-31C3-4BD5-952E-97218433B60E}.Debug|Any CPU.Build.0 = Debug|Any CPU
		{167C1441-31C3-4BD5-952E-97218433B60E}.Release|Any CPU.ActiveCfg = Release|Any CPU
		{167C1441-31C3-4BD5-952E-97218433B60E}.Release|Any CPU.Build.0 = Release|Any CPU
	EndGlobalSection
	GlobalSection(SolutionProperties) = preSolution
		HideSolutionNode = FALSE
	EndGlobalSection
	GlobalSection(ExtensibilityGlobals) = postSolution
		SolutionGuid = {551D03E1-76B6-42B5-8666-C76CBF053AB4}
	EndGlobalSection
EndGlobal
